
Microsoft Visual Studio Solution File, Format Version 12.00
# Visual Studio Version 17
VisualStudioVersion = 17.7.34003.232
MinimumVisualStudioVersion = 10.0.40219.1
Project("{FAE04EC0-301F-11D3-BF4B-00C04F79EFBC}") = "FourPlayerTraining", "FourPlayerTraining\FourPlayerTraining.csproj", "{0E76781D-E85F-48F6-9653-0F32AA1B8753}"
EndProject
Global
	GlobalSection(SolutionConfigurationPlatforms) = preSolution
		Debug|Any CPU = Debug|Any CPU
		Release|Any CPU = Release|Any CPU
	EndGlobalSection
	GlobalSection(ProjectConfigurationPlatforms) = postSolution
		{0E76781D-E85F-48F6-9653-0F32AA1B8753}.Debug|Any CPU.ActiveCfg = Debug|Any CPU
		{0E76781D-E85F-48F6-9653-0F32AA1B8753}.Debug|Any CPU.Build.0 = Debug|Any CPU
		{0E76781D-E85F-48F6-9653-0F32AA1B8753}.Release|Any CPU.ActiveCfg = Release|Any CPU
		{0E76781D-E85F-48F6-9653-0F32AA1B8753}.Release|Any CPU.Build.0 = Release|Any CPU
	EndGlobalSection
	GlobalSection(SolutionProperties) = preSolution
		HideSolutionNode = FALSE
	EndGlobalSection
	GlobalSection(ExtensibilityGlobals) = postSolution
		SolutionGuid = {CFDC1359-663F-462E-BBBF-BABDB2E7D0F0}
	EndGlobalSection
EndGlobal
